
Microsoft Visual Studio Solution File, Format Version 12.00
# Visual Studio Version 16
VisualStudioVersion = 25.0.1700.1
MinimumVisualStudioVersion = 10.0.40219.1
Project("{FAE04EC0-301F-11D3-BF4B-00C04F79EFBC}") = "myweb.api", "myweb.api\myweb.api.csproj", "{299715E7-2F78-4947-9E83-AD21B03B0C8A}"
EndProject
Global
	GlobalSection(SolutionConfigurationPlatforms) = preSolution
		Debug|Any CPU = Debug|Any CPU
		Release|Any CPU = Release|Any CPU
	EndGlobalSection
	GlobalSection(ProjectConfigurationPlatforms) = postSolution
		{299715E7-2F78-4947-9E83-AD21B03B0C8A}.Debug|Any CPU.ActiveCfg = Debug|Any CPU
		{299715E7-2F78-4947-9E83-AD21B03B0C8A}.Debug|Any CPU.Build.0 = Debug|Any CPU
		{299715E7-2F78-4947-9E83-AD21B03B0C8A}.Release|Any CPU.ActiveCfg = Release|Any CPU
		{299715E7-2F78-4947-9E83-AD21B03B0C8A}.Release|Any CPU.Build.0 = Release|Any CPU
	EndGlobalSection
	GlobalSection(SolutionProperties) = preSolution
		HideSolutionNode = FALSE
	EndGlobalSection
	GlobalSection(ExtensibilityGlobals) = postSolution
		SolutionGuid = {BA812332-5850-4102-AF45-24150FB4862E}
	EndGlobalSection
EndGlobal
